
Microsoft Visual Studio Solution File, Format Version 12.00
# Visual Studio Version 17
VisualStudioVersion = 17.12.35728.132 d17.12
MinimumVisualStudioVersion = 10.0.40219.1
Project("{FAE04EC0-301F-11D3-BF4B-00C04F79EFBC}") = "BankAccountApp", "BankAccountApp\BankAccountApp.csproj", "{9493A2AA-027A-459D-A7EE-4BD198AEEE9D}"
EndProject
Project("{FAE04EC0-301F-11D3-BF4B-00C04F79EFBC}") = "BankAccountTests", "BankAccountTests\BankAccountTests.csproj", "{4E4BBA7E-BF5F-4A0B-B2D6-5BA17570295E}"
EndProject
Global
	GlobalSection(SolutionConfigurationPlatforms) = preSolution
		Debug|Any CPU = Debug|Any CPU
		Release|Any CPU = Release|Any CPU
	EndGlobalSection
	GlobalSection(ProjectConfigurationPlatforms) = postSolution
		{9493A2AA-027A-459D-A7EE-4BD198AEEE9D}.Debug|Any CPU.ActiveCfg = Debug|Any CPU
		{9493A2AA-027A-459D-A7EE-4BD198AEEE9D}.Debug|Any CPU.Build.0 = Debug|Any CPU
		{9493A2AA-027A-459D-A7EE-4BD198AEEE9D}.Release|Any CPU.ActiveCfg = Release|Any CPU
		{9493A2AA-027A-459D-A7EE-4BD198AEEE9D}.Release|Any CPU.Build.0 = Release|Any CPU
		{4E4BBA7E-BF5F-4A0B-B2D6-5BA17570295E}.Debug|Any CPU.ActiveCfg = Debug|Any CPU
		{4E4BBA7E-BF5F-4A0B-B2D6-5BA17570295E}.Debug|Any CPU.Build.0 = Debug|Any CPU
		{4E4BBA7E-BF5F-4A0B-B2D6-5BA17570295E}.Release|Any CPU.ActiveCfg = Release|Any CPU
		{4E4BBA7E-BF5F-4A0B-B2D6-5BA17570295E}.Release|Any CPU.Build.0 = Release|Any CPU
	EndGlobalSection
	GlobalSection(SolutionProperties) = preSolution
		HideSolutionNode = FALSE
	EndGlobalSection
EndGlobal
